
Microsoft Visual Studio Solution File, Format Version 12.00
# Visual Studio 15
VisualStudioVersion = 15.0.28307.1000
MinimumVisualStudioVersion = 10.0.40219.1
Project("{FAE04EC0-301F-11D3-BF4B-00C04F79EFBC}") = "Vidly", "Vidly\Vidly.csproj", "{B8F16DC8-9C19-4D46-A0F3-947E57C37971}"
EndProject
Global
	GlobalSection(SolutionConfigurationPlatforms) = preSolution
		Debug|Any CPU = Debug|Any CPU
		Release|Any CPU = Release|Any CPU
	EndGlobalSection
	GlobalSection(ProjectConfigurationPlatforms) = postSolution
		{B8F16DC8-9C19-4D46-A0F3-947E57C37971}.Debug|Any CPU.ActiveCfg = Debug|Any CPU
		{B8F16DC8-9C19-4D46-A0F3-947E57C37971}.Debug|Any CPU.Build.0 = Debug|Any CPU
		{B8F16DC8-9C19-4D46-A0F3-947E57C37971}.Release|Any CPU.ActiveCfg = Release|Any CPU
		{B8F16DC8-9C19-4D46-A0F3-947E57C37971}.Release|Any CPU.Build.0 = Release|Any CPU
	EndGlobalSection
	GlobalSection(SolutionProperties) = preSolution
		HideSolutionNode = FALSE
	EndGlobalSection
	GlobalSection(ExtensibilityGlobals) = postSolution
		SolutionGuid = {605AA135-9E1B-4CA6-A8F7-AB1A22676DB4}
	EndGlobalSection
EndGlobal
